
Microsoft Visual Studio Solution File, Format Version 12.00
Project("{FAE04EC0-301F-11D3-BF4B-00C04F79EFBC}") = "InMemoryFileSys", "InMemoryFileSys\InMemoryFileSys.csproj", "{5AC3C6DE-5457-4754-89BE-23747904FBDD}"
EndProject
Project("{FAE04EC0-301F-11D3-BF4B-00C04F79EFBC}") = "InMemoryFileSystemUnitTest", "InMemoryFileSystemUnitTest\InMemoryFileSystemUnitTest.csproj", "{1B4B4138-DE6E-4BE6-B93B-02681DF514B8}"
EndProject
Global
	GlobalSection(SolutionConfigurationPlatforms) = preSolution
		Debug|Any CPU = Debug|Any CPU
		Release|Any CPU = Release|Any CPU
	EndGlobalSection
	GlobalSection(ProjectConfigurationPlatforms) = postSolution
		{5AC3C6DE-5457-4754-89BE-23747904FBDD}.Debug|Any CPU.ActiveCfg = Debug|Any CPU
		{5AC3C6DE-5457-4754-89BE-23747904FBDD}.Debug|Any CPU.Build.0 = Debug|Any CPU
		{5AC3C6DE-5457-4754-89BE-23747904FBDD}.Release|Any CPU.ActiveCfg = Release|Any CPU
		{5AC3C6DE-5457-4754-89BE-23747904FBDD}.Release|Any CPU.Build.0 = Release|Any CPU
		{1B4B4138-DE6E-4BE6-B93B-02681DF514B8}.Debug|Any CPU.ActiveCfg = Debug|Any CPU
		{1B4B4138-DE6E-4BE6-B93B-02681DF514B8}.Debug|Any CPU.Build.0 = Debug|Any CPU
		{1B4B4138-DE6E-4BE6-B93B-02681DF514B8}.Release|Any CPU.ActiveCfg = Release|Any CPU
		{1B4B4138-DE6E-4BE6-B93B-02681DF514B8}.Release|Any CPU.Build.0 = Release|Any CPU
	EndGlobalSection
EndGlobal
